{
  "nodes": {
    "libdib": {
      "inputs": {
        "nixpkgs": [
          "nixpkgs"
        ]
      },
      "locked": {
        "lastModified": 1780178524,
        "narHash": "sha256-2PcNyNqbGCWBpAMdCU1HxSQmhQiG6evdjxVnPA7w5bQ=",
        "ref": "refs/heads/main",
        "rev": "2406de41ce9d0a1404cbf4e55537e3f720f37f23",
        "revCount": 15,
        "type": "git",
        "url": "https://git.pvv.ntnu.no/Projects/libdib.git"
      },
      "original": {
        "type": "git",
        "url": "https://git.pvv.ntnu.no/Projects/libdib.git"
      }
    },
    "nixpkgs": {
      "locked": {
        "lastModified": 1770812194,
        "narHash": "sha256-OH+lkaIKAvPXR3nITO7iYZwew2nW9Y7Xxq0yfM/UcUU=",
        "owner": "NixOS",
        "repo": "nixpkgs",
        "rev": "8482c7ded03bae7550f3d69884f1e611e3bd19e8",
        "type": "github"
      },
      "original": {
        "owner": "NixOS",
        "ref": "nixpkgs-unstable",
        "repo": "nixpkgs",
        "type": "github"
      }
    },
    "root": {
      "inputs": {
        "libdib": "libdib",
        "nixpkgs": "nixpkgs"
      }
    }
  },
  "root": "root",
  "version": 7
}
