{
  "nodes": {
    "libdib": {
      "inputs": {
        "nixpkgs": [
          "nixpkgs"
        ]
      },
      "locked": {
        "lastModified": 1769338528,
        "narHash": "sha256-t18ZoSt9kaI1yde26ok5s7aFLkap1Q9+/2icVh2zuaE=",
        "ref": "refs/heads/main",
        "rev": "7218348163fd8d84df4a6f682c634793e67a3fed",
        "revCount": 13,
        "type": "git",
        "url": "https://git.pvv.ntnu.no/Projects/libdib.git"
      },
      "original": {
        "type": "git",
        "url": "https://git.pvv.ntnu.no/Projects/libdib.git"
      }
    },
    "nixpkgs": {
      "locked": {
        "lastModified": 1769298235,
        "narHash": "sha256-6LYNeTHX7779CiR4oqhG4C6u2NIUeZUOfITHgywaRlQ=",
        "owner": "NixOS",
        "repo": "nixpkgs",
        "rev": "26b0093bc977081dc7653175a3fadab11e07bed7",
        "type": "github"
      },
      "original": {
        "owner": "NixOS",
        "ref": "nixpkgs-unstable",
        "repo": "nixpkgs",
        "type": "github"
      }
    },
    "root": {
      "inputs": {
        "libdib": "libdib",
        "nixpkgs": "nixpkgs"
      }
    }
  },
  "root": "root",
  "version": 7
}
